// !$*UTF8*$!
{
	archiveVersion = 1;
	classes = {
	};
	objectVersion = 46;
	objects = {

/* Begin PBXBuildFile section */
		9162A339F27D15F99BF5DB7A /* Pods_Promos.framework in Frameworks */ = {isa = PBXBuildFile; fileRef = E1DEBBCEC2A4A6DB4874552D /* Pods_Promos.framework */; };
		9C03A4F41C4E87A60026F5B2 /* ParseKeys.plist in Resources */ = {isa = PBXBuildFile; fileRef = 9C03A4F31C4E87A60026F5B2 /* ParseKeys.plist */; };
		9C90F3D61C49730400EDF45A /* AppDelegate.swift in Sources */ = {isa = PBXBuildFile; fileRef = 9C90F3D51C49730400EDF45A /* AppDelegate.swift */; };
		9C90F3DF1C49730400EDF45A /* Assets.xcassets in Resources */ = {isa = PBXBuildFile; fileRef = 9C90F3DE1C49730400EDF45A /* Assets.xcassets */; };
		9C90F3E21C49730400EDF45A /* LaunchScreen.storyboard in Resources */ = {isa = PBXBuildFile; fileRef = 9C90F3E01C49730400EDF45A /* LaunchScreen.storyboard */; };
		9CAE94DC1C4C7272005058DB /* ColorUtils.swift in Sources */ = {isa = PBXBuildFile; fileRef = 9CAE94DB1C4C7272005058DB /* ColorUtils.swift */; };
		9CAE94DF1C4C7314005058DB /* Color.swift in Sources */ = {isa = PBXBuildFile; fileRef = 9CAE94DE1C4C7314005058DB /* Color.swift */; };
		9CAE94E41C4C7C3B005058DB /* MyriadPro-Regular.otf in Resources */ = {isa = PBXBuildFile; fileRef = 9CAE94E21C4C7C3B005058DB /* MyriadPro-Regular.otf */; };
		9CAE94E51C4C7C3B005058DB /* MyriadPro-SemiBold.otf in Resources */ = {isa = PBXBuildFile; fileRef = 9CAE94E31C4C7C3B005058DB /* MyriadPro-SemiBold.otf */; };
		9CAE94E71C4C7F1B005058DB /* Appearance.swift in Sources */ = {isa = PBXBuildFile; fileRef = 9CAE94E61C4C7F1B005058DB /* Appearance.swift */; };
		9CAE94EB1C4C8138005058DB /* CommerceCell.swift in Sources */ = {isa = PBXBuildFile; fileRef = 9CAE94E91C4C8138005058DB /* CommerceCell.swift */; };
		9CAE94EC1C4C8138005058DB /* CommerceCell.xib in Resources */ = {isa = PBXBuildFile; fileRef = 9CAE94EA1C4C8138005058DB /* CommerceCell.xib */; };
		9CAE94EF1C4C8283005058DB /* Commerce.swift in Sources */ = {isa = PBXBuildFile; fileRef = 9CAE94EE1C4C8283005058DB /* Commerce.swift */; };
		9CC981321C4E910300FE59D3 /* PromosBannerView.swift in Sources */ = {isa = PBXBuildFile; fileRef = 9CC981301C4E910300FE59D3 /* PromosBannerView.swift */; };
		9CC981331C4E910300FE59D3 /* PromosBannerView.xib in Resources */ = {isa = PBXBuildFile; fileRef = 9CC981311C4E910300FE59D3 /* PromosBannerView.xib */; };
		9CCE39281C4C5CA500CD2D2E /* PromoCell.swift in Sources */ = {isa = PBXBuildFile; fileRef = 9CCE39261C4C5CA500CD2D2E /* PromoCell.swift */; };
		9CCE39291C4C5CA500CD2D2E /* PromoCell.xib in Resources */ = {isa = PBXBuildFile; fileRef = 9CCE39271C4C5CA500CD2D2E /* PromoCell.xib */; };
		9CD75C9D1C4DC66B00879137 /* PromoDetailViewController.swift in Sources */ = {isa = PBXBuildFile; fileRef = 9CD75C9B1C4DC66B00879137 /* PromoDetailViewController.swift */; };
		9CD75C9E1C4DC66B00879137 /* PromoDetailViewController.xib in Resources */ = {isa = PBXBuildFile; fileRef = 9CD75C9C1C4DC66B00879137 /* PromoDetailViewController.xib */; };
		9CD75CA01C4DD9DE00879137 /* UrbanAirshipService.swift in Sources */ = {isa = PBXBuildFile; fileRef = 9CD75C9F1C4DD9DE00879137 /* UrbanAirshipService.swift */; };
		9CDB9F3A1C49918D0096F256 /* ParseUtils.swift in Sources */ = {isa = PBXBuildFile; fileRef = 9CDB9F391C49918D0096F256 /* ParseUtils.swift */; };
		9CDB9F411C49A1C00096F256 /* PromosListViewController.swift in Sources */ = {isa = PBXBuildFile; fileRef = 9CDB9F401C49A1C00096F256 /* PromosListViewController.swift */; };
		9CDB9F431C49A4D50096F256 /* Constants.swift in Sources */ = {isa = PBXBuildFile; fileRef = 9CDB9F421C49A4D50096F256 /* Constants.swift */; };
		9CDB9F461C49AAB90096F256 /* CommerceListViewController.swift in Sources */ = {isa = PBXBuildFile; fileRef = 9CDB9F451C49AAB90096F256 /* CommerceListViewController.swift */; };
		9CDB9F481C49AFFA0096F256 /* ParseQueryViewController.swift in Sources */ = {isa = PBXBuildFile; fileRef = 9CDB9F471C49AFFA0096F256 /* ParseQueryViewController.swift */; };
		9CDB9F4A1C49C0200096F256 /* Promo.swift in Sources */ = {isa = PBXBuildFile; fileRef = 9CDB9F491C49C0200096F256 /* Promo.swift */; };
/* End PBXBuildFile section */

/* Begin PBXFileReference section */
		312E15E1714C65EF5FF8D269 /* Pods-Promos.release.xcconfig */ = {isa = PBXFileReference; includeInIndex = 1; lastKnownFileType = text.xcconfig; name = "Pods-Promos.release.xcconfig"; path = "Pods/Target Support Files/Pods-Promos/Pods-Promos.release.xcconfig"; sourceTree = "<group>"; };
		81187DCD3937F938C56344EA /* Pods-Promos.debug.xcconfig */ = {isa = PBXFileReference; includeInIndex = 1; lastKnownFileType = text.xcconfig; name = "Pods-Promos.debug.xcconfig"; path = "Pods/Target Support Files/Pods-Promos/Pods-Promos.debug.xcconfig"; sourceTree = "<group>"; };
		9C03A4F31C4E87A60026F5B2 /* ParseKeys.plist */ = {isa = PBXFileReference; fileEncoding = 4; lastKnownFileType = text.plist.xml; path = ParseKeys.plist; sourceTree = "<group>"; };
		9C90F3D21C49730400EDF45A /* Promos.app */ = {isa = PBXFileReference; explicitFileType = wrapper.application; includeInIndex = 0; path = Promos.app; sourceTree = BUILT_PRODUCTS_DIR; };
		9C90F3D51C49730400EDF45A /* AppDelegate.swift */ = {isa = PBXFileReference; lastKnownFileType = sourcecode.swift; path = AppDelegate.swift; sourceTree = "<group>"; };
		9C90F3DE1C49730400EDF45A /* Assets.xcassets */ = {isa = PBXFileReference; lastKnownFileType = folder.assetcatalog; path = Assets.xcassets; sourceTree = "<group>"; };
		9C90F3E11C49730400EDF45A /* Base */ = {isa = PBXFileReference; lastKnownFileType = file.storyboard; name = Base; path = Base.lproj/LaunchScreen.storyboard; sourceTree = "<group>"; };
		9C90F3E31C49730400EDF45A /* Info.plist */ = {isa = PBXFileReference; lastKnownFileType = text.plist.xml; path = Info.plist; sourceTree = "<group>"; };
		9CAE94DB1C4C7272005058DB /* ColorUtils.swift */ = {isa = PBXFileReference; fileEncoding = 4; lastKnownFileType = sourcecode.swift; path = ColorUtils.swift; sourceTree = "<group>"; };
		9CAE94DE1C4C7314005058DB /* Color.swift */ = {isa = PBXFileReference; fileEncoding = 4; lastKnownFileType = sourcecode.swift; path = Color.swift; sourceTree = "<group>"; };
		9CAE94E21C4C7C3B005058DB /* MyriadPro-Regular.otf */ = {isa = PBXFileReference; lastKnownFileType = file; path = "MyriadPro-Regular.otf"; sourceTree = "<group>"; };
		9CAE94E31C4C7C3B005058DB /* MyriadPro-SemiBold.otf */ = {isa = PBXFileReference; lastKnownFileType = file; path = "MyriadPro-SemiBold.otf"; sourceTree = "<group>"; };
		9CAE94E61C4C7F1B005058DB /* Appearance.swift */ = {isa = PBXFileReference; fileEncoding = 4; lastKnownFileType = sourcecode.swift; path = Appearance.swift; sourceTree = "<group>"; };
		9CAE94E91C4C8138005058DB /* CommerceCell.swift */ = {isa = PBXFileReference; fileEncoding = 4; lastKnownFileType = sourcecode.swift; path = CommerceCell.swift; sourceTree = "<group>"; };
		9CAE94EA1C4C8138005058DB /* CommerceCell.xib */ = {isa = PBXFileReference; fileEncoding = 4; lastKnownFileType = file.xib; path = CommerceCell.xib; sourceTree = "<group>"; };
		9CAE94EE1C4C8283005058DB /* Commerce.swift */ = {isa = PBXFileReference; fileEncoding = 4; lastKnownFileType = sourcecode.swift; path = Commerce.swift; sourceTree = "<group>"; };
		9CC981301C4E910300FE59D3 /* PromosBannerView.swift */ = {isa = PBXFileReference; fileEncoding = 4; lastKnownFileType = sourcecode.swift; path = PromosBannerView.swift; sourceTree = "<group>"; };
		9CC981311C4E910300FE59D3 /* PromosBannerView.xib */ = {isa = PBXFileReference; fileEncoding = 4; lastKnownFileType = file.xib; path = PromosBannerView.xib; sourceTree = "<group>"; };
		9CCE39261C4C5CA500CD2D2E /* PromoCell.swift */ = {isa = PBXFileReference; fileEncoding = 4; lastKnownFileType = sourcecode.swift; path = PromoCell.swift; sourceTree = "<group>"; };
		9CCE39271C4C5CA500CD2D2E /* PromoCell.xib */ = {isa = PBXFileReference; fileEncoding = 4; lastKnownFileType = file.xib; path = PromoCell.xib; sourceTree = "<group>"; };
		9CD75C9B1C4DC66B00879137 /* PromoDetailViewController.swift */ = {isa = PBXFileReference; fileEncoding = 4; lastKnownFileType = sourcecode.swift; path = PromoDetailViewController.swift; sourceTree = "<group>"; };
		9CD75C9C1C4DC66B00879137 /* PromoDetailViewController.xib */ = {isa = PBXFileReference; fileEncoding = 4; lastKnownFileType = file.xib; path = PromoDetailViewController.xib; sourceTree = "<group>"; };
		9CD75C9F1C4DD9DE00879137 /* UrbanAirshipService.swift */ = {isa = PBXFileReference; fileEncoding = 4; lastKnownFileType = sourcecode.swift; path = UrbanAirshipService.swift; sourceTree = "<group>"; };
		9CDB9F391C49918D0096F256 /* ParseUtils.swift */ = {isa = PBXFileReference; fileEncoding = 4; lastKnownFileType = sourcecode.swift; path = ParseUtils.swift; sourceTree = "<group>"; };
		9CDB9F401C49A1C00096F256 /* PromosListViewController.swift */ = {isa = PBXFileReference; fileEncoding = 4; lastKnownFileType = sourcecode.swift; path = PromosListViewController.swift; sourceTree = "<group>"; };
		9CDB9F421C49A4D50096F256 /* Constants.swift */ = {isa = PBXFileReference; fileEncoding = 4; lastKnownFileType = sourcecode.swift; path = Constants.swift; sourceTree = "<group>"; };
		9CDB9F451C49AAB90096F256 /* CommerceListViewController.swift */ = {isa = PBXFileReference; fileEncoding = 4; lastKnownFileType = sourcecode.swift; path = CommerceListViewController.swift; sourceTree = "<group>"; };
		9CDB9F471C49AFFA0096F256 /* ParseQueryViewController.swift */ = {isa = PBXFileReference; fileEncoding = 4; lastKnownFileType = sourcecode.swift; path = ParseQueryViewController.swift; sourceTree = "<group>"; };
		9CDB9F491C49C0200096F256 /* Promo.swift */ = {isa = PBXFileReference; fileEncoding = 4; lastKnownFileType = sourcecode.swift; path = Promo.swift; sourceTree = "<group>"; };
		9CDB9F4B1C49C2CF0096F256 /* Promos-Bridging-Header.h */ = {isa = PBXFileReference; lastKnownFileType = sourcecode.c.h; path = "Promos-Bridging-Header.h"; sourceTree = "<group>"; };
		E1DEBBCEC2A4A6DB4874552D /* Pods_Promos.framework */ = {isa = PBXFileReference; explicitFileType = wrapper.framework; includeInIndex = 0; path = Pods_Promos.framework; sourceTree = BUILT_PRODUCTS_DIR; };
/* End PBXFileReference section */

/* Begin PBXFrameworksBuildPhase section */
		9C90F3CF1C49730400EDF45A /* Frameworks */ = {
			isa = PBXFrameworksBuildPhase;
			buildActionMask = 2147483647;
			files = (
				9162A339F27D15F99BF5DB7A /* Pods_Promos.framework in Frameworks */,
			);
			runOnlyForDeploymentPostprocessing = 0;
		};
/* End PBXFrameworksBuildPhase section */

/* Begin PBXGroup section */
		76CD99105AFB062A56BB44D5 /* Frameworks */ = {
			isa = PBXGroup;
			children = (
				E1DEBBCEC2A4A6DB4874552D /* Pods_Promos.framework */,
			);
			name = Frameworks;
			sourceTree = "<group>";
		};
		9AC1D36AD5031105B581ABAD /* Pods */ = {
			isa = PBXGroup;
			children = (
				81187DCD3937F938C56344EA /* Pods-Promos.debug.xcconfig */,
				312E15E1714C65EF5FF8D269 /* Pods-Promos.release.xcconfig */,
			);
			name = Pods;
			sourceTree = "<group>";
		};
		9C90F3C91C49730400EDF45A = {
			isa = PBXGroup;
			children = (
				9C90F3D41C49730400EDF45A /* Promos */,
				9C90F3D31C49730400EDF45A /* Products */,
				9AC1D36AD5031105B581ABAD /* Pods */,
				76CD99105AFB062A56BB44D5 /* Frameworks */,
			);
			sourceTree = "<group>";
		};
		9C90F3D31C49730400EDF45A /* Products */ = {
			isa = PBXGroup;
			children = (
				9C90F3D21C49730400EDF45A /* Promos.app */,
			);
			name = Products;
			sourceTree = "<group>";
		};
		9C90F3D41C49730400EDF45A /* Promos */ = {
			isa = PBXGroup;
			children = (
				9CD75CA21C4DEA7100879137 /* Services */,
				9CDB9F3B1C4997FA0096F256 /* Utils */,
				9CCE392B1C4C5CBC00CD2D2E /* Model */,
				9CCE392A1C4C5CAE00CD2D2E /* Views */,
				9CAE94D81C4C71E9005058DB /* Controllers */,
				9C90F3D51C49730400EDF45A /* AppDelegate.swift */,
				9C90F3DE1C49730400EDF45A /* Assets.xcassets */,
				9CDB9F441C49A96B0096F256 /* Supporting Files */,
				9CAE94D61C4C61AE005058DB /* Resources */,
			);
			path = Promos;
			sourceTree = "<group>";
		};
		9CAE94D61C4C61AE005058DB /* Resources */ = {
			isa = PBXGroup;
			children = (
				9CAE94E21C4C7C3B005058DB /* MyriadPro-Regular.otf */,
				9CAE94E31C4C7C3B005058DB /* MyriadPro-SemiBold.otf */,
			);
			name = Resources;
			sourceTree = "<group>";
		};
		9CAE94D71C4C649E005058DB /* Promo Cell */ = {
			isa = PBXGroup;
			children = (
				9CCE39261C4C5CA500CD2D2E /* PromoCell.swift */,
				9CCE39271C4C5CA500CD2D2E /* PromoCell.xib */,
			);
			name = "Promo Cell";
			sourceTree = "<group>";
		};
		9CAE94D81C4C71E9005058DB /* Controllers */ = {
			isa = PBXGroup;
			children = (
				9CDB9F471C49AFFA0096F256 /* ParseQueryViewController.swift */,
				9CAE94D91C4C71F3005058DB /* Promos List */,
				9CAE94DA1C4C71FA005058DB /* Commerce List */,
				9CD75CA11C4DEA6600879137 /* Promo Detail */,
			);
			name = Controllers;
			sourceTree = "<group>";
		};
		9CAE94D91C4C71F3005058DB /* Promos List */ = {
			isa = PBXGroup;
			children = (
				9CDB9F401C49A1C00096F256 /* PromosListViewController.swift */,
			);
			name = "Promos List";
			sourceTree = "<group>";
		};
		9CAE94DA1C4C71FA005058DB /* Commerce List */ = {
			isa = PBXGroup;
			children = (
				9CDB9F451C49AAB90096F256 /* CommerceListViewController.swift */,
			);
			name = "Commerce List";
			sourceTree = "<group>";
		};
		9CAE94E81C4C7F4F005058DB /* Appearance */ = {
			isa = PBXGroup;
			children = (
				9CAE94DB1C4C7272005058DB /* ColorUtils.swift */,
				9CAE94DE1C4C7314005058DB /* Color.swift */,
				9CAE94E61C4C7F1B005058DB /* Appearance.swift */,
			);
			name = Appearance;
			sourceTree = "<group>";
		};
		9CAE94ED1C4C8140005058DB /* Commerce Cell */ = {
			isa = PBXGroup;
			children = (
				9CAE94E91C4C8138005058DB /* CommerceCell.swift */,
				9CAE94EA1C4C8138005058DB /* CommerceCell.xib */,
			);
			name = "Commerce Cell";
			sourceTree = "<group>";
		};
		9CCE392A1C4C5CAE00CD2D2E /* Views */ = {
			isa = PBXGroup;
			children = (
				9CAE94D71C4C649E005058DB /* Promo Cell */,
				9CAE94ED1C4C8140005058DB /* Commerce Cell */,
				9CC981301C4E910300FE59D3 /* PromosBannerView.swift */,
				9CC981311C4E910300FE59D3 /* PromosBannerView.xib */,
			);
			name = Views;
			sourceTree = "<group>";
		};
		9CCE392B1C4C5CBC00CD2D2E /* Model */ = {
			isa = PBXGroup;
			children = (
				9CDB9F491C49C0200096F256 /* Promo.swift */,
				9CAE94EE1C4C8283005058DB /* Commerce.swift */,
			);
			name = Model;
			sourceTree = "<group>";
		};
		9CD75CA11C4DEA6600879137 /* Promo Detail */ = {
			isa = PBXGroup;
			children = (
				9CD75C9B1C4DC66B00879137 /* PromoDetailViewController.swift */,
				9CD75C9C1C4DC66B00879137 /* PromoDetailViewController.xib */,
			);
			name = "Promo Detail";
			sourceTree = "<group>";
		};
		9CD75CA21C4DEA7100879137 /* Services */ = {
			isa = PBXGroup;
			children = (
				9CD75C9F1C4DD9DE00879137 /* UrbanAirshipService.swift */,
			);
			name = Services;
			sourceTree = "<group>";
		};
		9CDB9F3B1C4997FA0096F256 /* Utils */ = {
			isa = PBXGroup;
			children = (
				9CDB9F391C49918D0096F256 /* ParseUtils.swift */,
				9CDB9F421C49A4D50096F256 /* Constants.swift */,
				9CAE94E81C4C7F4F005058DB /* Appearance */,
			);
			name = Utils;
			sourceTree = "<group>";
		};
		9CDB9F441C49A96B0096F256 /* Supporting Files */ = {
			isa = PBXGroup;
			children = (
				9CDB9F4B1C49C2CF0096F256 /* Promos-Bridging-Header.h */,
				9C90F3E01C49730400EDF45A /* LaunchScreen.storyboard */,
				9C90F3E31C49730400EDF45A /* Info.plist */,
				9C03A4F31C4E87A60026F5B2 /* ParseKeys.plist */,
			);
			name = "Supporting Files";
			sourceTree = "<group>";
		};
/* End PBXGroup section */

/* Begin PBXNativeTarget section */
		9C90F3D11C49730400EDF45A /* Promos */ = {
			isa = PBXNativeTarget;
			buildConfigurationList = 9C90F3E61C49730400EDF45A /* Build configuration list for PBXNativeTarget "Promos" */;
			buildPhases = (
				B90F2B2267914986A34E5F48 /* Check Pods Manifest.lock */,
				9C90F3CE1C49730400EDF45A /* Sources */,
				9C90F3CF1C49730400EDF45A /* Frameworks */,
				9C90F3D01C49730400EDF45A /* Resources */,
				2305CE89442FAA239DE6008D /* Embed Pods Frameworks */,
				8AF20C753472DBDEA2EFF59F /* Copy Pods Resources */,
			);
			buildRules = (
			);
			dependencies = (
			);
			name = Promos;
			productName = Promos;
			productReference = 9C90F3D21C49730400EDF45A /* Promos.app */;
			productType = "com.apple.product-type.application";
		};
/* End PBXNativeTarget section */

/* Begin PBXProject section */
		9C90F3CA1C49730400EDF45A /* Project object */ = {
			isa = PBXProject;
			attributes = {
				LastSwiftUpdateCheck = 0720;
				LastUpgradeCheck = 0720;
				ORGANIZATIONNAME = "Alejandro Rodriguez";
				TargetAttributes = {
					9C90F3D11C49730400EDF45A = {
						CreatedOnToolsVersion = 7.2;
					};
				};
			};
			buildConfigurationList = 9C90F3CD1C49730400EDF45A /* Build configuration list for PBXProject "Promos" */;
			compatibilityVersion = "Xcode 3.2";
			developmentRegion = English;
			hasScannedForEncodings = 0;
			knownRegions = (
				en,
				Base,
			);
			mainGroup = 9C90F3C91C49730400EDF45A;
			productRefGroup = 9C90F3D31C49730400EDF45A /* Products */;
			projectDirPath = "";
			projectRoot = "";
			targets = (
				9C90F3D11C49730400EDF45A /* Promos */,
			);
		};
/* End PBXProject section */

/* Begin PBXResourcesBuildPhase section */
		9C90F3D01C49730400EDF45A /* Resources */ = {
			isa = PBXResourcesBuildPhase;
			buildActionMask = 2147483647;
			files = (
				9C03A4F41C4E87A60026F5B2 /* ParseKeys.plist in Resources */,
				9CAE94E41C4C7C3B005058DB /* MyriadPro-Regular.otf in Resources */,
				9CC981331C4E910300FE59D3 /* PromosBannerView.xib in Resources */,
				9C90F3E21C49730400EDF45A /* LaunchScreen.storyboard in Resources */,
				9C90F3DF1C49730400EDF45A /* Assets.xcassets in Resources */,
				9CAE94E51C4C7C3B005058DB /* MyriadPro-SemiBold.otf in Resources */,
				9CD75C9E1C4DC66B00879137 /* PromoDetailViewController.xib in Resources */,
				9CAE94EC1C4C8138005058DB /* CommerceCell.xib in Resources */,
				9CCE39291C4C5CA500CD2D2E /* PromoCell.xib in Resources */,
			);
			runOnlyForDeploymentPostprocessing = 0;
		};
/* End PBXResourcesBuildPhase section */

/* Begin PBXShellScriptBuildPhase section */
		2305CE89442FAA239DE6008D /* Embed Pods Frameworks */ = {
			isa = PBXShellScriptBuildPhase;
			buildActionMask = 2147483647;
			files = (
			);
			inputPaths = (
			);
			name = "Embed Pods Frameworks";
			outputPaths = (
			);
			runOnlyForDeploymentPostprocessing = 0;
			shellPath = /bin/sh;
			shellScript = "\"${SRCROOT}/Pods/Target Support Files/Pods-Promos/Pods-Promos-frameworks.sh\"\n";
			showEnvVarsInLog = 0;
		};
		8AF20C753472DBDEA2EFF59F /* Copy Pods Resources */ = {
			isa = PBXShellScriptBuildPhase;
			buildActionMask = 2147483647;
			files = (
			);
			inputPaths = (
			);
			name = "Copy Pods Resources";
			outputPaths = (
			);
			runOnlyForDeploymentPostprocessing = 0;
			shellPath = /bin/sh;
			shellScript = "\"${SRCROOT}/Pods/Target Support Files/Pods-Promos/Pods-Promos-resources.sh\"\n";
			showEnvVarsInLog = 0;
		};
		B90F2B2267914986A34E5F48 /* Check Pods Manifest.lock */ = {
			isa = PBXShellScriptBuildPhase;
			buildActionMask = 2147483647;
			files = (
			);
			inputPaths = (
			);
			name = "Check Pods Manifest.lock";
			outputPaths = (
			);
			runOnlyForDeploymentPostprocessing = 0;
			shellPath = /bin/sh;
			shellScript = "diff \"${PODS_ROOT}/../Podfile.lock\" \"${PODS_ROOT}/Manifest.lock\" > /dev/null\nif [[ $? != 0 ]] ; then\n    cat << EOM\nerror: The sandbox is not in sync with the Podfile.lock. Run 'pod install' or update your CocoaPods installation.\nEOM\n    exit 1\nfi\n";
			showEnvVarsInLog = 0;
		};
/* End PBXShellScriptBuildPhase section */

/* Begin PBXSourcesBuildPhase section */
		9C90F3CE1C49730400EDF45A /* Sources */ = {
			isa = PBXSourcesBuildPhase;
			buildActionMask = 2147483647;
			files = (
				9CAE94EB1C4C8138005058DB /* CommerceCell.swift in Sources */,
				9CD75CA01C4DD9DE00879137 /* UrbanAirshipService.swift in Sources */,
				9CC981321C4E910300FE59D3 /* PromosBannerView.swift in Sources */,
				9CAE94DC1C4C7272005058DB /* ColorUtils.swift in Sources */,
				9CDB9F431C49A4D50096F256 /* Constants.swift in Sources */,
				9CDB9F4A1C49C0200096F256 /* Promo.swift in Sources */,
				9CAE94DF1C4C7314005058DB /* Color.swift in Sources */,
				9C90F3D61C49730400EDF45A /* AppDelegate.swift in Sources */,
				9CDB9F411C49A1C00096F256 /* PromosListViewController.swift in Sources */,
				9CDB9F3A1C49918D0096F256 /* ParseUtils.swift in Sources */,
				9CAE94E71C4C7F1B005058DB /* Appearance.swift in Sources */,
				9CDB9F461C49AAB90096F256 /* CommerceListViewController.swift in Sources */,
				9CAE94EF1C4C8283005058DB /* Commerce.swift in Sources */,
				9CDB9F481C49AFFA0096F256 /* ParseQueryViewController.swift in Sources */,
				9CCE39281C4C5CA500CD2D2E /* PromoCell.swift in Sources */,
				9CD75C9D1C4DC66B00879137 /* PromoDetailViewController.swift in Sources */,
			);
			runOnlyForDeploymentPostprocessing = 0;
		};
/* End PBXSourcesBuildPhase section */

/* Begin PBXVariantGroup section */
		9C90F3E01C49730400EDF45A /* LaunchScreen.storyboard */ = {
			isa = PBXVariantGroup;
			children = (
				9C90F3E11C49730400EDF45A /* Base */,
			);
			name = LaunchScreen.storyboard;
			sourceTree = "<group>";
		};
/* End PBXVariantGroup section */

/* Begin XCBuildConfiguration section */
		9C90F3E41C49730400EDF45A /* Debug */ = {
			isa = XCBuildConfiguration;
			buildSettings = {
				ALWAYS_SEARCH_USER_PATHS = NO;
				CLANG_CXX_LANGUAGE_STANDARD = "gnu++0x";
				CLANG_CXX_LIBRARY = "libc++";
				CLANG_ENABLE_MODULES = YES;
				CLANG_ENABLE_OBJC_ARC = YES;
				CLANG_WARN_BOOL_CONVERSION = YES;
				CLANG_WARN_CONSTANT_CONVERSION = YES;
				CLANG_WARN_DIRECT_OBJC_ISA_USAGE = YES_ERROR;
				CLANG_WARN_EMPTY_BODY = YES;
				CLANG_WARN_ENUM_CONVERSION = YES;
				CLANG_WARN_INT_CONVERSION = YES;
				CLANG_WARN_OBJC_ROOT_CLASS = YES_ERROR;
				CLANG_WARN_UNREACHABLE_CODE = YES;
				CLANG_WARN__DUPLICATE_METHOD_MATCH = YES;
				"CODE_SIGN_IDENTITY[sdk=iphoneos*]" = "iPhone Developer";
				COPY_PHASE_STRIP = NO;
				DEBUG_INFORMATION_FORMAT = dwarf;
				ENABLE_STRICT_OBJC_MSGSEND = YES;
				ENABLE_TESTABILITY = YES;
				GCC_C_LANGUAGE_STANDARD = gnu99;
				GCC_DYNAMIC_NO_PIC = NO;
				GCC_NO_COMMON_BLOCKS = YES;
				GCC_OPTIMIZATION_LEVEL = 0;
				GCC_PREPROCESSOR_DEFINITIONS = (
					"DEBUG=1",
					"$(inherited)",
				);
				GCC_WARN_64_TO_32_BIT_CONVERSION = YES;
				GCC_WARN_ABOUT_RETURN_TYPE = YES_ERROR;
				GCC_WARN_UNDECLARED_SELECTOR = YES;
				GCC_WARN_UNINITIALIZED_AUTOS = YES_AGGRESSIVE;
				GCC_WARN_UNUSED_FUNCTION = YES;
				GCC_WARN_UNUSED_VARIABLE = YES;
				IPHONEOS_DEPLOYMENT_TARGET = 9.2;
				MTL_ENABLE_DEBUG_INFO = YES;
				ONLY_ACTIVE_ARCH = YES;
				SDKROOT = iphoneos;
				SWIFT_OPTIMIZATION_LEVEL = "-Onone";
			};
			name = Debug;
		};
		9C90F3E51C49730400EDF45A /* Release */ = {
			isa = XCBuildConfiguration;
			buildSettings = {
				ALWAYS_SEARCH_USER_PATHS = NO;
				CLANG_CXX_LANGUAGE_STANDARD = "gnu++0x";
				CLANG_CXX_LIBRARY = "libc++";
				CLANG_ENABLE_MODULES = YES;
				CLANG_ENABLE_OBJC_ARC = YES;
				CLANG_WARN_BOOL_CONVERSION = YES;
				CLANG_WARN_CONSTANT_CONVERSION = YES;
				CLANG_WARN_DIRECT_OBJC_ISA_USAGE = YES_ERROR;
				CLANG_WARN_EMPTY_BODY = YES;
				CLANG_WARN_ENUM_CONVERSION = YES;
				CLANG_WARN_INT_CONVERSION = YES;
				CLANG_WARN_OBJC_ROOT_CLASS = YES_ERROR;
				CLANG_WARN_UNREACHABLE_CODE = YES;
				CLANG_WARN__DUPLICATE_METHOD_MATCH = YES;
				"CODE_SIGN_IDENTITY[sdk=iphoneos*]" = "iPhone Developer";
				COPY_PHASE_STRIP = NO;
				DEBUG_INFORMATION_FORMAT = "dwarf-with-dsym";
				ENABLE_NS_ASSERTIONS = NO;
				ENABLE_STRICT_OBJC_MSGSEND = YES;
				GCC_C_LANGUAGE_STANDARD = gnu99;
				GCC_NO_COMMON_BLOCKS = YES;
				GCC_WARN_64_TO_32_BIT_CONVERSION = YES;
				GCC_WARN_ABOUT_RETURN_TYPE = YES_ERROR;
				GCC_WARN_UNDECLARED_SELECTOR = YES;
				GCC_WARN_UNINITIALIZED_AUTOS = YES_AGGRESSIVE;
				GCC_WARN_UNUSED_FUNCTION = YES;
				GCC_WARN_UNUSED_VARIABLE = YES;
				IPHONEOS_DEPLOYMENT_TARGET = 9.2;
				MTL_ENABLE_DEBUG_INFO = NO;
				SDKROOT = iphoneos;
				VALIDATE_PRODUCT = YES;
			};
			name = Release;
		};
		9C90F3E71C49730400EDF45A /* Debug */ = {
			isa = XCBuildConfiguration;
			baseConfigurationReference = 81187DCD3937F938C56344EA /* Pods-Promos.debug.xcconfig */;
			buildSettings = {
				ASSETCATALOG_COMPILER_APPICON_NAME = AppIcon;
				CLANG_ENABLE_MODULES = YES;
				INFOPLIST_FILE = Promos/Info.plist;
				LD_RUNPATH_SEARCH_PATHS = "$(inherited) @executable_path/Frameworks";
				PRODUCT_BUNDLE_IDENTIFIER = com.arf.Promos;
				PRODUCT_NAME = "$(TARGET_NAME)";
				SWIFT_OBJC_BRIDGING_HEADER = "Promos/Promos-Bridging-Header.h";
				SWIFT_OPTIMIZATION_LEVEL = "-Onone";
			};
			name = Debug;
		};
		9C90F3E81C49730400EDF45A /* Release */ = {
			isa = XCBuildConfiguration;
			baseConfigurationReference = 312E15E1714C65EF5FF8D269 /* Pods-Promos.release.xcconfig */;
			buildSettings = {
				ASSETCATALOG_COMPILER_APPICON_NAME = AppIcon;
				CLANG_ENABLE_MODULES = YES;
				INFOPLIST_FILE = Promos/Info.plist;
				LD_RUNPATH_SEARCH_PATHS = "$(inherited) @executable_path/Frameworks";
				PRODUCT_BUNDLE_IDENTIFIER = com.arf.Promos;
				PRODUCT_NAME = "$(TARGET_NAME)";
				SWIFT_OBJC_BRIDGING_HEADER = "Promos/Promos-Bridging-Header.h";
			};
			name = Release;
		};
/* End XCBuildConfiguration section */

/* Begin XCConfigurationList section */
		9C90F3CD1C49730400EDF45A /* Build configuration list for PBXProject "Promos" */ = {
			isa = XCConfigurationList;
			buildConfigurations = (
				9C90F3E41C49730400EDF45A /* Debug */,
				9C90F3E51C49730400EDF45A /* Release */,
			);
			defaultConfigurationIsVisible = 0;
			defaultConfigurationName = Release;
		};
		9C90F3E61C49730400EDF45A /* Build configuration list for PBXNativeTarget "Promos" */ = {
			isa = XCConfigurationList;
			buildConfigurations = (
				9C90F3E71C49730400EDF45A /* Debug */,
				9C90F3E81C49730400EDF45A /* Release */,
			);
			defaultConfigurationIsVisible = 0;
			defaultConfigurationName = Release;
		};
/* End XCConfigurationList section */
	};
	rootObject = 9C90F3CA1C49730400EDF45A /* Project object */;
}
